
Microsoft Visual Studio Solution File, Format Version 12.00
# Visual Studio Version 16
VisualStudioVersion = 16.0.31424.327
MinimumVisualStudioVersion = 10.0.40219.1
Project("{FAE04EC0-301F-11D3-BF4B-00C04F79EFBC}") = "Physics", "Physics\Physics.csproj", "{0422298F-DBBC-4646-AE13-4F4C752B8E20}"
EndProject
Global
	GlobalSection(SolutionConfigurationPlatforms) = preSolution
		Debug|Any CPU = Debug|Any CPU
		Release|Any CPU = Release|Any CPU
	EndGlobalSection
	GlobalSection(ProjectConfigurationPlatforms) = postSolution
		{0422298F-DBBC-4646-AE13-4F4C752B8E20}.Debug|Any CPU.ActiveCfg = Debug|Any CPU
		{0422298F-DBBC-4646-AE13-4F4C752B8E20}.Debug|Any CPU.Build.0 = Debug|Any CPU
		{0422298F-DBBC-4646-AE13-4F4C752B8E20}.Release|Any CPU.ActiveCfg = Release|Any CPU
		{0422298F-DBBC-4646-AE13-4F4C752B8E20}.Release|Any CPU.Build.0 = Release|Any CPU
	EndGlobalSection
	GlobalSection(SolutionProperties) = preSolution
		HideSolutionNode = FALSE
	EndGlobalSection
	GlobalSection(ExtensibilityGlobals) = postSolution
		SolutionGuid = {8B5DF5ED-E16A-44C0-9CE2-EDE6832D1D35}
	EndGlobalSection
EndGlobal
